
Microsoft Visual Studio Solution File, Format Version 12.00
# Visual Studio Version 17
VisualStudioVersion = 17.3.32929.385
MinimumVisualStudioVersion = 10.0.40219.1
Project("{FAE04EC0-301F-11D3-BF4B-00C04F79EFBC}") = "View_model", "View_model\View_model.csproj", "{ACE56EF2-71BC-417E-9175-415F8C376A21}"
EndProject
Global
	GlobalSection(SolutionConfigurationPlatforms) = preSolution
		Debug|Any CPU = Debug|Any CPU
		Release|Any CPU = Release|Any CPU
	EndGlobalSection
	GlobalSection(ProjectConfigurationPlatforms) = postSolution
		{ACE56EF2-71BC-417E-9175-415F8C376A21}.Debug|Any CPU.ActiveCfg = Debug|Any CPU
		{ACE56EF2-71BC-417E-9175-415F8C376A21}.Debug|Any CPU.Build.0 = Debug|Any CPU
		{ACE56EF2-71BC-417E-9175-415F8C376A21}.Release|Any CPU.ActiveCfg = Release|Any CPU
		{ACE56EF2-71BC-417E-9175-415F8C376A21}.Release|Any CPU.Build.0 = Release|Any CPU
	EndGlobalSection
	GlobalSection(SolutionProperties) = preSolution
		HideSolutionNode = FALSE
	EndGlobalSection
	GlobalSection(ExtensibilityGlobals) = postSolution
		SolutionGuid = {B796038C-8916-4A4F-A07D-3212A84DB709}
	EndGlobalSection
EndGlobal
